
Microsoft Visual Studio Solution File, Format Version 12.00
# Visual Studio Version 17
VisualStudioVersion = 17.2.32616.157
MinimumVisualStudioVersion = 10.0.40219.1
Project("{2150E333-8FDC-42A3-9474-1A3956D46DE8}") = "src", "src", "{20EE07ED-3559-41F3-8472-A0A26C26F12C}"
EndProject
Project("{9A19103F-16F7-4668-BE54-9A1E7A4F7556}") = "Middleman", "src\Middleman\Middleman.csproj", "{7863393B-7AD8-4F5C-9A3C-619D51556B2A}"
EndProject
Global
	GlobalSection(SolutionConfigurationPlatforms) = preSolution
		Debug|Any CPU = Debug|Any CPU
		Release|Any CPU = Release|Any CPU
	EndGlobalSection
	GlobalSection(ProjectConfigurationPlatforms) = postSolution
		{7863393B-7AD8-4F5C-9A3C-619D51556B2A}.Debug|Any CPU.ActiveCfg = Debug|Any CPU
		{7863393B-7AD8-4F5C-9A3C-619D51556B2A}.Debug|Any CPU.Build.0 = Debug|Any CPU
		{7863393B-7AD8-4F5C-9A3C-619D51556B2A}.Release|Any CPU.ActiveCfg = Release|Any CPU
		{7863393B-7AD8-4F5C-9A3C-619D51556B2A}.Release|Any CPU.Build.0 = Release|Any CPU
	EndGlobalSection
	GlobalSection(SolutionProperties) = preSolution
		HideSolutionNode = FALSE
	EndGlobalSection
	GlobalSection(NestedProjects) = preSolution
		{7863393B-7AD8-4F5C-9A3C-619D51556B2A} = {20EE07ED-3559-41F3-8472-A0A26C26F12C}
	EndGlobalSection
	GlobalSection(ExtensibilityGlobals) = postSolution
		SolutionGuid = {8A5F52C4-5263-4A3D-BF0F-54771001000B}
	EndGlobalSection
EndGlobal
